
Microsoft Visual Studio Solution File, Format Version 12.00
# Visual Studio Version 17
VisualStudioVersion = 17.14.36301.6 d17.14
MinimumVisualStudioVersion = 10.0.40219.1
Project("{FAE04EC0-301F-11D3-BF4B-00C04F79EFBC}") = "UnitOfWork", "UnitOfWork\UnitOfWork.csproj", "{EE39CA12-E598-429F-854D-6E331A9B3100}"
EndProject
Global
	GlobalSection(SolutionConfigurationPlatforms) = preSolution
		Debug|Any CPU = Debug|Any CPU
		Release|Any CPU = Release|Any CPU
	EndGlobalSection
	GlobalSection(ProjectConfigurationPlatforms) = postSolution
		{EE39CA12-E598-429F-854D-6E331A9B3100}.Debug|Any CPU.ActiveCfg = Debug|Any CPU
		{EE39CA12-E598-429F-854D-6E331A9B3100}.Debug|Any CPU.Build.0 = Debug|Any CPU
		{EE39CA12-E598-429F-854D-6E331A9B3100}.Release|Any CPU.ActiveCfg = Release|Any CPU
		{EE39CA12-E598-429F-854D-6E331A9B3100}.Release|Any CPU.Build.0 = Release|Any CPU
	EndGlobalSection
	GlobalSection(SolutionProperties) = preSolution
		HideSolutionNode = FALSE
	EndGlobalSection
	GlobalSection(ExtensibilityGlobals) = postSolution
		SolutionGuid = {9A652596-6F7A-44C3-B4E8-F2D6A8824252}
	EndGlobalSection
EndGlobal
